
Microsoft Visual Studio Solution File, Format Version 12.00
# Visual Studio Version 16
VisualStudioVersion = 16.0.29411.108
MinimumVisualStudioVersion = 10.0.40219.1
Project("{FAE04EC0-301F-11D3-BF4B-00C04F79EFBC}") = "EchoBotTest", "EchoBotTest\EchoBotTest.csproj", "{29F4C2DA-8502-49B5-90EE-1A91B0441041}"
EndProject
Global
	GlobalSection(SolutionConfigurationPlatforms) = preSolution
		Debug|Any CPU = Debug|Any CPU
		Release|Any CPU = Release|Any CPU
	EndGlobalSection
	GlobalSection(ProjectConfigurationPlatforms) = postSolution
		{29F4C2DA-8502-49B5-90EE-1A91B0441041}.Debug|Any CPU.ActiveCfg = Debug|Any CPU
		{29F4C2DA-8502-49B5-90EE-1A91B0441041}.Debug|Any CPU.Build.0 = Debug|Any CPU
		{29F4C2DA-8502-49B5-90EE-1A91B0441041}.Release|Any CPU.ActiveCfg = Release|Any CPU
		{29F4C2DA-8502-49B5-90EE-1A91B0441041}.Release|Any CPU.Build.0 = Release|Any CPU
	EndGlobalSection
	GlobalSection(SolutionProperties) = preSolution
		HideSolutionNode = FALSE
	EndGlobalSection
	GlobalSection(ExtensibilityGlobals) = postSolution
		SolutionGuid = {0A4608FB-6762-41FD-8BF0-82E20C83EE24}
	EndGlobalSection
EndGlobal
